
Microsoft Visual Studio Solution File, Format Version 12.00
# Visual Studio Version 17
VisualStudioVersion = 17.14.36908.2 d17.14
MinimumVisualStudioVersion = 10.0.40219.1
Project("{FAE04EC0-301F-11D3-BF4B-00C04F79EFBC}") = "Bank_Front_WPF", "Bank_Front_WPF.csproj", "{CA994544-4B6A-498D-B286-D6FF185232B8}"
EndProject
Global
	GlobalSection(SolutionConfigurationPlatforms) = preSolution
		Debug|Any CPU = Debug|Any CPU
		Release|Any CPU = Release|Any CPU
	EndGlobalSection
	GlobalSection(ProjectConfigurationPlatforms) = postSolution
		{CA994544-4B6A-498D-B286-D6FF185232B8}.Debug|Any CPU.ActiveCfg = Debug|Any CPU
		{CA994544-4B6A-498D-B286-D6FF185232B8}.Debug|Any CPU.Build.0 = Debug|Any CPU
		{CA994544-4B6A-498D-B286-D6FF185232B8}.Release|Any CPU.ActiveCfg = Release|Any CPU
		{CA994544-4B6A-498D-B286-D6FF185232B8}.Release|Any CPU.Build.0 = Release|Any CPU
	EndGlobalSection
	GlobalSection(SolutionProperties) = preSolution
		HideSolutionNode = FALSE
	EndGlobalSection
	GlobalSection(ExtensibilityGlobals) = postSolution
		SolutionGuid = {90055FF7-75E8-4428-97C9-1C9520104FAE}
	EndGlobalSection
EndGlobal
